<?xml version="1.0" encoding="utf-8"?>
<Project ToolsVersion="4.0" xmlns="http://schemas.microsoft.com/developer/msbuild/2003">
  <ItemGroup>
    <Filter Include="소스 파일">
      <UniqueIdentifier>{4FC737F1-C7A5-4376-A066-2A32D752A2FF}</UniqueIdentifier>
      <Extensions>cpp;c;cc;cxx;c++;cppm;ixx;def;odl;idl;hpj;bat;asm;asmx</Extensions>
    </Filter>
    <Filter Include="헤더 파일">
      <UniqueIdentifier>{93995380-89BD-4b04-88EB-625FBE52EBFB}</UniqueIdentifier>
      <Extensions>h;hh;hpp;hxx;h++;hm;inl;inc;ipp;xsd</Extensions>
    </Filter>
    <Filter Include="리소스 파일">
      <UniqueIdentifier>{67DA6AB6-F800-4c08-8B7A-83BB121AAD01}</UniqueIdentifier>
      <Extensions>rc;ico;cur;bmp;dlg;rc2;rct;bin;rgs;gif;jpg;jpeg;jpe;resx;tiff;tif;png;wav;mfcribbon-ms</Extensions>
    </Filter>
    <Filter Include="DAY01">
      <UniqueIdentifier>{50adbdcb-5e16-4448-a51f-6bc18baeb6dc}</UniqueIdentifier>
    </Filter>
    <Filter Include="DAY02">
      <UniqueIdentifier>{99f7d21d-4376-4d7a-a6c6-467b4eb3e407}</UniqueIdentifier>
    </Filter>
    <Filter Include="DAY03">
      <UniqueIdentifier>{5e7f1849-d150-46b9-94a7-5b79bdb9cd3e}</UniqueIdentifier>
    </Filter>
    <Filter Include="DAY04">
      <UniqueIdentifier>{904cf64d-b998-48aa-b9c3-d5271d379df6}</UniqueIdentifier>
    </Filter>
    <Filter Include="DAY05">
      <UniqueIdentifier>{817a6c78-1b51-4256-a7bc-7e1b8f5881d9}</UniqueIdentifier>
    </Filter>
    <Filter Include="example">
      <UniqueIdentifier>{87c0ea46-8a58-46d1-aaa6-a03bce594b3d}</UniqueIdentifier>
    </Filter>
    <Filter Include="DAY06">
      <UniqueIdentifier>{9a41f231-9466-4458-bc86-93903b7816ad}</UniqueIdentifier>
    </Filter>
    <Filter Include="project1">
      <UniqueIdentifier>{a8ef5cf0-7a82-40be-8d4a-e910e02efb8f}</UniqueIdentifier>
    </Filter>
    <Filter Include="DAY07">
      <UniqueIdentifier>{3695c0a0-6223-4b2a-b793-2433a4322c30}</UniqueIdentifier>
    </Filter>
    <Filter Include="DAY08">
      <UniqueIdentifier>{53fff667-3780-49d4-ba99-71628acb57ea}</UniqueIdentifier>
    </Filter>
    <Filter Include="DAY09">
      <UniqueIdentifier>{c166865f-36ad-4fa7-b2fa-63fcfbfc0beb}</UniqueIdentifier>
    </Filter>
    <Filter Include="DAY10">
      <UniqueIdentifier>{270e27b3-d33c-4762-866f-2829280cccc7}</UniqueIdentifier>
    </Filter>
  </ItemGroup>
  <ItemGroup>
    <ClCompile Include="main.c">
      <Filter>DAY01</Filter>
    </ClCompile>
    <ClCompile Include="main0312.c">
      <Filter>DAY02</Filter>
    </ClCompile>
    <ClCompile Include="main0312-2.c">
      <Filter>DAY02</Filter>
    </ClCompile>
    <ClCompile Include="main0312-3.c">
      <Filter>DAY02</Filter>
    </ClCompile>
    <ClCompile Include="calc.c">
      <Filter>DAY02</Filter>
    </ClCompile>
    <ClCompile Include="gugu.c">
      <Filter>DAY02</Filter>
    </ClCompile>
    <ClCompile Include="main0313.c">
      <Filter>DAY03</Filter>
    </ClCompile>
    <ClCompile Include="main0313-2.c">
      <Filter>DAY03</Filter>
    </ClCompile>
    <ClCompile Include="exam0313.c">
      <Filter>DAY03</Filter>
    </ClCompile>
    <ClCompile Include="main0313-3.c">
      <Filter>DAY03</Filter>
    </ClCompile>
    <ClCompile Include="main0313-4.c">
      <Filter>DAY03</Filter>
    </ClCompile>
    <ClCompile Include="main0313-5.c">
      <Filter>DAY03</Filter>
    </ClCompile>
    <ClCompile Include="main0313-6.c">
      <Filter>DAY03</Filter>
    </ClCompile>
    <ClCompile Include="main0313-7.c">
      <Filter>DAY03</Filter>
    </ClCompile>
    <ClCompile Include="main0313-8.c">
      <Filter>DAY03</Filter>
    </ClCompile>
    <ClCompile Include="main0313-9.c">
      <Filter>DAY03</Filter>
    </ClCompile>
    <ClCompile Include="main0313-11.c">
      <Filter>DAY03</Filter>
    </ClCompile>
    <ClCompile Include="main0313-10.c">
      <Filter>DAY03</Filter>
    </ClCompile>
    <ClCompile Include="exam0313-1.c">
      <Filter>DAY03</Filter>
    </ClCompile>
    <ClCompile Include="main0314-1.c">
      <Filter>DAY04</Filter>
    </ClCompile>
    <ClCompile Include="main0314-2.c">
      <Filter>DAY04</Filter>
    </ClCompile>
    <ClCompile Include="main0314-3.c">
      <Filter>DAY04</Filter>
    </ClCompile>
    <ClCompile Include="main0314-4.c">
      <Filter>DAY04</Filter>
    </ClCompile>
    <ClCompile Include="main0314-5.c">
      <Filter>DAY04</Filter>
    </ClCompile>
    <ClCompile Include="main0314-6.c">
      <Filter>DAY04</Filter>
    </ClCompile>
    <ClCompile Include="main0314-7.c">
      <Filter>DAY04</Filter>
    </ClCompile>
    <ClCompile Include="main0314-8.c">
      <Filter>DAY04</Filter>
    </ClCompile>
    <ClCompile Include="main0314-9.c">
      <Filter>DAY04</Filter>
    </ClCompile>
    <ClCompile Include="main0314-10.c">
      <Filter>DAY04</Filter>
    </ClCompile>
    <ClCompile Include="main0314-11.c">
      <Filter>DAY04</Filter>
    </ClCompile>
    <ClCompile Include="main0314-12.c">
      <Filter>DAY04</Filter>
    </ClCompile>
    <ClCompile Include="main0314-13.c">
      <Filter>DAY04</Filter>
    </ClCompile>
    <ClCompile Include="main0314-14.c">
      <Filter>DAY04</Filter>
    </ClCompile>
    <ClCompile Include="main0317-1.c">
      <Filter>DAY05</Filter>
    </ClCompile>
    <ClCompile Include="main0317-2.c">
      <Filter>DAY05</Filter>
    </ClCompile>
    <ClCompile Include="main0317-3.c">
      <Filter>DAY05</Filter>
    </ClCompile>
    <ClCompile Include="main0317-4.c">
      <Filter>DAY05</Filter>
    </ClCompile>
    <ClCompile Include="main0317-5.c">
      <Filter>DAY05</Filter>
    </ClCompile>
    <ClCompile Include="main0317-6.c">
      <Filter>DAY05</Filter>
    </ClCompile>
    <ClCompile Include="main0317-7.c">
      <Filter>DAY05</Filter>
    </ClCompile>
    <ClCompile Include="main0317-8.c">
      <Filter>DAY05</Filter>
    </ClCompile>
    <ClCompile Include="main0317-9.c">
      <Filter>DAY05</Filter>
    </ClCompile>
    <ClCompile Include="main0317-10.c">
      <Filter>DAY05</Filter>
    </ClCompile>
    <ClCompile Include="main0317-11.c">
      <Filter>DAY05</Filter>
    </ClCompile>
    <ClCompile Include="main0317-12.c">
      <Filter>DAY05</Filter>
    </ClCompile>
    <ClCompile Include="pointer.c">
      <Filter>example</Filter>
    </ClCompile>
    <ClCompile Include="test.c">
      <Filter>example</Filter>
    </ClCompile>
    <ClCompile Include="main0318.cpp">
      <Filter>DAY06</Filter>
    </ClCompile>
    <ClCompile Include="main0318-1.cpp">
      <Filter>DAY06</Filter>
    </ClCompile>
    <ClCompile Include="main0318-2.cpp">
      <Filter>DAY06</Filter>
    </ClCompile>
    <ClCompile Include="main0318-3.cpp">
      <Filter>DAY06</Filter>
    </ClCompile>
    <ClCompile Include="main0318-4.cpp">
      <Filter>DAY06</Filter>
    </ClCompile>
    <ClCompile Include="main0318-5.cpp">
      <Filter>DAY06</Filter>
    </ClCompile>
    <ClCompile Include="scope.cpp">
      <Filter>DAY06</Filter>
    </ClCompile>
    <ClCompile Include="main0318-6.cpp">
      <Filter>DAY06</Filter>
    </ClCompile>
    <ClCompile Include="main0318-7.cpp">
      <Filter>DAY06</Filter>
    </ClCompile>
    <ClCompile Include="main0318-8.cpp">
      <Filter>DAY06</Filter>
    </ClCompile>
    <ClCompile Include="main0318-9.cpp">
      <Filter>DAY06</Filter>
    </ClCompile>
    <ClCompile Include="main0318-10.cpp">
      <Filter>DAY06</Filter>
    </ClCompile>
    <ClCompile Include="main0318-11.cpp">
      <Filter>DAY06</Filter>
    </ClCompile>
    <ClCompile Include="main0318-12.cpp">
      <Filter>DAY06</Filter>
    </ClCompile>
    <ClCompile Include="main0318-13.cpp">
      <Filter>DAY06</Filter>
    </ClCompile>
    <ClCompile Include="project.cpp">
      <Filter>project1</Filter>
    </ClCompile>
    <ClCompile Include="main0319-1.cpp">
      <Filter>DAY07</Filter>
    </ClCompile>
    <ClCompile Include="main0319-2.cpp">
      <Filter>DAY07</Filter>
    </ClCompile>
    <ClCompile Include="main0319-3.cpp">
      <Filter>DAY07</Filter>
    </ClCompile>
    <ClCompile Include="main0319-4.cpp">
      <Filter>DAY07</Filter>
    </ClCompile>
    <ClCompile Include="main0319-5.cpp">
      <Filter>DAY07</Filter>
    </ClCompile>
    <ClCompile Include="myclass2.cpp">
      <Filter>DAY07</Filter>
    </ClCompile>
    <ClCompile Include="myclass3.cpp">
      <Filter>DAY07</Filter>
    </ClCompile>
    <ClCompile Include="main0319-6.cpp">
      <Filter>DAY07</Filter>
    </ClCompile>
    <ClCompile Include="main0319-7.cpp">
      <Filter>DAY07</Filter>
    </ClCompile>
    <ClCompile Include="main0319-8.cpp">
      <Filter>DAY07</Filter>
    </ClCompile>
    <ClCompile Include="main0319-9.cpp">
      <Filter>DAY07</Filter>
    </ClCompile>
    <ClCompile Include="main0319-10.cpp">
      <Filter>DAY07</Filter>
    </ClCompile>
    <ClCompile Include="main0320-1.cpp">
      <Filter>DAY08</Filter>
    </ClCompile>
    <ClCompile Include="main0320-2.cpp">
      <Filter>DAY08</Filter>
    </ClCompile>
    <ClCompile Include="main0320-3.cpp">
      <Filter>DAY08</Filter>
    </ClCompile>
    <ClCompile Include="main0320-4.cpp">
      <Filter>DAY08</Filter>
    </ClCompile>
    <ClCompile Include="main0320-5.cpp">
      <Filter>DAY08</Filter>
    </ClCompile>
    <ClCompile Include="main0320-6.cpp">
      <Filter>DAY08</Filter>
    </ClCompile>
    <ClCompile Include="main0320-7.cpp">
      <Filter>DAY08</Filter>
    </ClCompile>
    <ClCompile Include="main0320-8.cpp">
      <Filter>DAY08</Filter>
    </ClCompile>
    <ClCompile Include="main0320-9.cpp">
      <Filter>DAY08</Filter>
    </ClCompile>
    <ClCompile Include="main0320-10.cpp">
      <Filter>DAY08</Filter>
    </ClCompile>
    <ClCompile Include="main0320-11.cpp">
      <Filter>DAY08</Filter>
    </ClCompile>
    <ClCompile Include="main0320-12.cpp">
      <Filter>DAY08</Filter>
    </ClCompile>
    <ClCompile Include="main0320-13.cpp">
      <Filter>DAY08</Filter>
    </ClCompile>
    <ClCompile Include="main0320-14.cpp">
      <Filter>DAY08</Filter>
    </ClCompile>
    <ClCompile Include="main0321-1.cpp">
      <Filter>DAY09</Filter>
    </ClCompile>
    <ClCompile Include="main0321-2.cpp">
      <Filter>DAY09</Filter>
    </ClCompile>
    <ClCompile Include="main0321-3.cpp">
      <Filter>DAY09</Filter>
    </ClCompile>
    <ClCompile Include="main0321-4.cpp">
      <Filter>DAY09</Filter>
    </ClCompile>
    <ClCompile Include="main0321-5.cpp">
      <Filter>DAY09</Filter>
    </ClCompile>
    <ClCompile Include="main0321-6.cpp">
      <Filter>DAY09</Filter>
    </ClCompile>
    <ClCompile Include="main0321-7.cpp">
      <Filter>DAY09</Filter>
    </ClCompile>
    <ClCompile Include="main0321-8.cpp">
      <Filter>DAY09</Filter>
    </ClCompile>
    <ClCompile Include="main0321-9.cpp">
      <Filter>DAY09</Filter>
    </ClCompile>
    <ClCompile Include="main0321-10.cpp">
      <Filter>DAY09</Filter>
    </ClCompile>
    <ClCompile Include="main0321-11.cpp">
      <Filter>DAY09</Filter>
    </ClCompile>
    <ClCompile Include="main0321-12.cpp">
      <Filter>DAY09</Filter>
    </ClCompile>
    <ClCompile Include="main0321-13.cpp">
      <Filter>DAY09</Filter>
    </ClCompile>
    <ClCompile Include="main0321-14.cpp">
      <Filter>DAY09</Filter>
    </ClCompile>
    <ClCompile Include="main0321-15.cpp">
      <Filter>DAY09</Filter>
    </ClCompile>
    <ClCompile Include="main0321-16.cpp">
      <Filter>DAY09</Filter>
    </ClCompile>
    <ClCompile Include="main0321-17.cpp">
      <Filter>DAY09</Filter>
    </ClCompile>
    <ClCompile Include="main0321-18.cpp">
      <Filter>DAY09</Filter>
    </ClCompile>
    <ClCompile Include="main0324-1.cpp">
      <Filter>DAY10</Filter>
    </ClCompile>
    <ClCompile Include="main0324-2.cpp">
      <Filter>DAY10</Filter>
    </ClCompile>
    <ClCompile Include="main0324-3.cpp">
      <Filter>DAY10</Filter>
    </ClCompile>
    <ClCompile Include="main0324-4.cpp">
      <Filter>DAY10</Filter>
    </ClCompile>
    <ClCompile Include="main0324-5.cpp">
      <Filter>DAY10</Filter>
    </ClCompile>
    <ClCompile Include="main0324-6.cpp">
      <Filter>DAY10</Filter>
    </ClCompile>
    <ClCompile Include="main0324-7.cpp">
      <Filter>DAY10</Filter>
    </ClCompile>
    <ClCompile Include="main0324-8.cpp">
      <Filter>DAY10</Filter>
    </ClCompile>
    <ClCompile Include="main0324-9.cpp">
      <Filter>DAY10</Filter>
    </ClCompile>
    <ClCompile Include="main0324-10.cpp">
      <Filter>DAY10</Filter>
    </ClCompile>
    <ClCompile Include="main0324-11.cpp">
      <Filter>DAY10</Filter>
    </ClCompile>
  </ItemGroup>
  <ItemGroup>
    <ClInclude Include="scope.h">
      <Filter>DAY06</Filter>
    </ClInclude>
    <ClInclude Include="um.h">
      <Filter>헤더 파일</Filter>
    </ClInclude>
  </ItemGroup>
</Project>